
Microsoft Visual Studio Solution File, Format Version 12.00
# Visual Studio 2013
VisualStudioVersion = 12.0.30324.0
MinimumVisualStudioVersion = 10.0.40219.1
Project("{FAE04EC0-301F-11D3-BF4B-00C04F79EFBC}") = "LetsCreateWarcraft2", "LetsCreateWarcraft2\LetsCreateWarcraft2.csproj", "{7BB6EA91-A675-4EF0-A6C2-8FDDF36B93A5}"
EndProject
Project("{FAE04EC0-301F-11D3-BF4B-00C04F79EFBC}") = "LetsCreateWarcraft2.Content", "LetsCreateWarcraft2.Content\LetsCreateWarcraft2.Content\LetsCreateWarcraft2.Content.csproj", "{6E1BFD15-2D75-4916-B247-EB22BAEB3225}"
EndProject
Project("{FAE04EC0-301F-11D3-BF4B-00C04F79EFBC}") = "LetsCreateWarcraft2.ContentContent", "LetsCreateWarcraft2.Content\LetsCreateWarcraft2.ContentContent\LetsCreateWarcraft2.ContentContent.contentproj", "{A5EDA43B-A7C5-4497-A4B8-05AEC5F19A99}"
EndProject
Global
	GlobalSection(SolutionConfigurationPlatforms) = preSolution
		Android|Any CPU = Android|Any CPU
		Android|Mixed Platforms = Android|Mixed Platforms
		Android|x86 = Android|x86
		Debug|Any CPU = Debug|Any CPU
		Debug|Mixed Platforms = Debug|Mixed Platforms
		Debug|x86 = Debug|x86
		iOS|Any CPU = iOS|Any CPU
		iOS|Mixed Platforms = iOS|Mixed Platforms
		iOS|x86 = iOS|x86
		Linux|Any CPU = Linux|Any CPU
		Linux|Mixed Platforms = Linux|Mixed Platforms
		Linux|x86 = Linux|x86
		OSX|Any CPU = OSX|Any CPU
		OSX|Mixed Platforms = OSX|Mixed Platforms
		OSX|x86 = OSX|x86
		PSM|Any CPU = PSM|Any CPU
		PSM|Mixed Platforms = PSM|Mixed Platforms
		PSM|x86 = PSM|x86
		Release|Any CPU = Release|Any CPU
		Release|Mixed Platforms = Release|Mixed Platforms
		Release|x86 = Release|x86
		Windows|Any CPU = Windows|Any CPU
		Windows|Mixed Platforms = Windows|Mixed Platforms
		Windows|x86 = Windows|x86
		Windows8|Any CPU = Windows8|Any CPU
		Windows8|Mixed Platforms = Windows8|Mixed Platforms
		Windows8|x86 = Windows8|x86
	EndGlobalSection
	GlobalSection(ProjectConfigurationPlatforms) = postSolution
		{7BB6EA91-A675-4EF0-A6C2-8FDDF36B93A5}.Android|Any CPU.ActiveCfg = Release|x86
		{7BB6EA91-A675-4EF0-A6C2-8FDDF36B93A5}.Android|Mixed Platforms.ActiveCfg = Release|x86
		{7BB6EA91-A675-4EF0-A6C2-8FDDF36B93A5}.Android|Mixed Platforms.Build.0 = Release|x86
		{7BB6EA91-A675-4EF0-A6C2-8FDDF36B93A5}.Android|x86.ActiveCfg = Release|x86
		{7BB6EA91-A675-4EF0-A6C2-8FDDF36B93A5}.Android|x86.Build.0 = Release|x86
		{7BB6EA91-A675-4EF0-A6C2-8FDDF36B93A5}.Debug|Any CPU.ActiveCfg = Debug|x86
		{7BB6EA91-A675-4EF0-A6C2-8FDDF36B93A5}.Debug|Mixed Platforms.ActiveCfg = Debug|x86
		{7BB6EA91-A675-4EF0-A6C2-8FDDF36B93A5}.Debug|Mixed Platforms.Build.0 = Debug|x86
		{7BB6EA91-A675-4EF0-A6C2-8FDDF36B93A5}.Debug|x86.ActiveCfg = Debug|x86
		{7BB6EA91-A675-4EF0-A6C2-8FDDF36B93A5}.Debug|x86.Build.0 = Debug|x86
		{7BB6EA91-A675-4EF0-A6C2-8FDDF36B93A5}.iOS|Any CPU.ActiveCfg = Release|x86
		{7BB6EA91-A675-4EF0-A6C2-8FDDF36B93A5}.iOS|Mixed Platforms.ActiveCfg = Release|x86
		{7BB6EA91-A675-4EF0-A6C2-8FDDF36B93A5}.iOS|Mixed Platforms.Build.0 = Release|x86
		{7BB6EA91-A675-4EF0-A6C2-8FDDF36B93A5}.iOS|x86.ActiveCfg = Release|x86
		{7BB6EA91-A675-4EF0-A6C2-8FDDF36B93A5}.iOS|x86.Build.0 = Release|x86
		{7BB6EA91-A675-4EF0-A6C2-8FDDF36B93A5}.Linux|Any CPU.ActiveCfg = Release|x86
		{7BB6EA91-A675-4EF0-A6C2-8FDDF36B93A5}.Linux|Mixed Platforms.ActiveCfg = Release|x86
		{7BB6EA91-A675-4EF0-A6C2-8FDDF36B93A5}.Linux|Mixed Platforms.Build.0 = Release|x86
		{7BB6EA91-A675-4EF0-A6C2-8FDDF36B93A5}.Linux|x86.ActiveCfg = Release|x86
		{7BB6EA91-A675-4EF0-A6C2-8FDDF36B93A5}.Linux|x86.Build.0 = Release|x86
		{7BB6EA91-A675-4EF0-A6C2-8FDDF36B93A5}.OSX|Any CPU.ActiveCfg = Release|x86
		{7BB6EA91-A675-4EF0-A6C2-8FDDF36B93A5}.OSX|Mixed Platforms.ActiveCfg = Release|x86
		{7BB6EA91-A675-4EF0-A6C2-8FDDF36B93A5}.OSX|Mixed Platforms.Build.0 = Release|x86
		{7BB6EA91-A675-4EF0-A6C2-8FDDF36B93A5}.OSX|x86.ActiveCfg = Release|x86
		{7BB6EA91-A675-4EF0-A6C2-8FDDF36B93A5}.OSX|x86.Build.0 = Release|x86
		{7BB6EA91-A675-4EF0-A6C2-8FDDF36B93A5}.PSM|Any CPU.ActiveCfg = Release|x86
		{7BB6EA91-A675-4EF0-A6C2-8FDDF36B93A5}.PSM|Mixed Platforms.ActiveCfg = Release|x86
		{7BB6EA91-A675-4EF0-A6C2-8FDDF36B93A5}.PSM|Mixed Platforms.Build.0 = Release|x86
		{7BB6EA91-A675-4EF0-A6C2-8FDDF36B93A5}.PSM|x86.ActiveCfg = Release|x86
		{7BB6EA91-A675-4EF0-A6C2-8FDDF36B93A5}.PSM|x86.Build.0 = Release|x86
		{7BB6EA91-A675-4EF0-A6C2-8FDDF36B93A5}.Release|Any CPU.ActiveCfg = Release|x86
		{7BB6EA91-A675-4EF0-A6C2-8FDDF36B93A5}.Release|Mixed Platforms.ActiveCfg = Release|x86
		{7BB6EA91-A675-4EF0-A6C2-8FDDF36B93A5}.Release|Mixed Platforms.Build.0 = Release|x86
		{7BB6EA91-A675-4EF0-A6C2-8FDDF36B93A5}.Release|x86.ActiveCfg = Release|x86
		{7BB6EA91-A675-4EF0-A6C2-8FDDF36B93A5}.Release|x86.Build.0 = Release|x86
		{7BB6EA91-A675-4EF0-A6C2-8FDDF36B93A5}.Windows|Any CPU.ActiveCfg = Release|x86
		{7BB6EA91-A675-4EF0-A6C2-8FDDF36B93A5}.Windows|Mixed Platforms.ActiveCfg = Release|x86
		{7BB6EA91-A675-4EF0-A6C2-8FDDF36B93A5}.Windows|Mixed Platforms.Build.0 = Release|x86
		{7BB6EA91-A675-4EF0-A6C2-8FDDF36B93A5}.Windows|x86.ActiveCfg = Release|x86
		{7BB6EA91-A675-4EF0-A6C2-8FDDF36B93A5}.Windows|x86.Build.0 = Release|x86
		{7BB6EA91-A675-4EF0-A6C2-8FDDF36B93A5}.Windows8|Any CPU.ActiveCfg = Release|x86
		{7BB6EA91-A675-4EF0-A6C2-8FDDF36B93A5}.Windows8|Mixed Platforms.ActiveCfg = Release|x86
		{7BB6EA91-A675-4EF0-A6C2-8FDDF36B93A5}.Windows8|Mixed Platforms.Build.0 = Release|x86
		{7BB6EA91-A675-4EF0-A6C2-8FDDF36B93A5}.Windows8|x86.ActiveCfg = Release|x86
		{7BB6EA91-A675-4EF0-A6C2-8FDDF36B93A5}.Windows8|x86.Build.0 = Release|x86
		{6E1BFD15-2D75-4916-B247-EB22BAEB3225}.Android|Any CPU.ActiveCfg = Android|Any CPU
		{6E1BFD15-2D75-4916-B247-EB22BAEB3225}.Android|Any CPU.Build.0 = Android|Any CPU
		{6E1BFD15-2D75-4916-B247-EB22BAEB3225}.Android|Mixed Platforms.ActiveCfg = Android|Any CPU
		{6E1BFD15-2D75-4916-B247-EB22BAEB3225}.Android|Mixed Platforms.Build.0 = Android|Any CPU
		{6E1BFD15-2D75-4916-B247-EB22BAEB3225}.Android|x86.ActiveCfg = Android|Any CPU
		{6E1BFD15-2D75-4916-B247-EB22BAEB3225}.Debug|Any CPU.ActiveCfg = PSM|Any CPU
		{6E1BFD15-2D75-4916-B247-EB22BAEB3225}.Debug|Any CPU.Build.0 = PSM|Any CPU
		{6E1BFD15-2D75-4916-B247-EB22BAEB3225}.Debug|Mixed Platforms.ActiveCfg = PSM|Any CPU
		{6E1BFD15-2D75-4916-B247-EB22BAEB3225}.Debug|Mixed Platforms.Build.0 = PSM|Any CPU
		{6E1BFD15-2D75-4916-B247-EB22BAEB3225}.Debug|x86.ActiveCfg = PSM|Any CPU
		{6E1BFD15-2D75-4916-B247-EB22BAEB3225}.iOS|Any CPU.ActiveCfg = iOS|Any CPU
		{6E1BFD15-2D75-4916-B247-EB22BAEB3225}.iOS|Any CPU.Build.0 = iOS|Any CPU
		{6E1BFD15-2D75-4916-B247-EB22BAEB3225}.iOS|Mixed Platforms.ActiveCfg = iOS|Any CPU
		{6E1BFD15-2D75-4916-B247-EB22BAEB3225}.iOS|Mixed Platforms.Build.0 = iOS|Any CPU
		{6E1BFD15-2D75-4916-B247-EB22BAEB3225}.iOS|x86.ActiveCfg = iOS|Any CPU
		{6E1BFD15-2D75-4916-B247-EB22BAEB3225}.Linux|Any CPU.ActiveCfg = Linux|Any CPU
		{6E1BFD15-2D75-4916-B247-EB22BAEB3225}.Linux|Any CPU.Build.0 = Linux|Any CPU
		{6E1BFD15-2D75-4916-B247-EB22BAEB3225}.Linux|Mixed Platforms.ActiveCfg = Linux|Any CPU
		{6E1BFD15-2D75-4916-B247-EB22BAEB3225}.Linux|Mixed Platforms.Build.0 = Linux|Any CPU
		{6E1BFD15-2D75-4916-B247-EB22BAEB3225}.Linux|x86.ActiveCfg = Linux|Any CPU
		{6E1BFD15-2D75-4916-B247-EB22BAEB3225}.OSX|Any CPU.ActiveCfg = OSX|Any CPU
		{6E1BFD15-2D75-4916-B247-EB22BAEB3225}.OSX|Any CPU.Build.0 = OSX|Any CPU
		{6E1BFD15-2D75-4916-B247-EB22BAEB3225}.OSX|Mixed Platforms.ActiveCfg = OSX|Any CPU
		{6E1BFD15-2D75-4916-B247-EB22BAEB3225}.OSX|Mixed Platforms.Build.0 = OSX|Any CPU
		{6E1BFD15-2D75-4916-B247-EB22BAEB3225}.OSX|x86.ActiveCfg = OSX|Any CPU
		{6E1BFD15-2D75-4916-B247-EB22BAEB3225}.PSM|Any CPU.ActiveCfg = PSM|Any CPU
		{6E1BFD15-2D75-4916-B247-EB22BAEB3225}.PSM|Any CPU.Build.0 = PSM|Any CPU
		{6E1BFD15-2D75-4916-B247-EB22BAEB3225}.PSM|Mixed Platforms.ActiveCfg = PSM|Any CPU
		{6E1BFD15-2D75-4916-B247-EB22BAEB3225}.PSM|Mixed Platforms.Build.0 = PSM|Any CPU
		{6E1BFD15-2D75-4916-B247-EB22BAEB3225}.PSM|x86.ActiveCfg = PSM|Any CPU
		{6E1BFD15-2D75-4916-B247-EB22BAEB3225}.Release|Any CPU.ActiveCfg = PSM|Any CPU
		{6E1BFD15-2D75-4916-B247-EB22BAEB3225}.Release|Any CPU.Build.0 = PSM|Any CPU
		{6E1BFD15-2D75-4916-B247-EB22BAEB3225}.Release|Mixed Platforms.ActiveCfg = PSM|Any CPU
		{6E1BFD15-2D75-4916-B247-EB22BAEB3225}.Release|Mixed Platforms.Build.0 = PSM|Any CPU
		{6E1BFD15-2D75-4916-B247-EB22BAEB3225}.Release|x86.ActiveCfg = PSM|Any CPU
		{6E1BFD15-2D75-4916-B247-EB22BAEB3225}.Windows|Any CPU.ActiveCfg = Windows|Any CPU
		{6E1BFD15-2D75-4916-B247-EB22BAEB3225}.Windows|Any CPU.Build.0 = Windows|Any CPU
		{6E1BFD15-2D75-4916-B247-EB22BAEB3225}.Windows|Mixed Platforms.ActiveCfg = Windows|Any CPU
		{6E1BFD15-2D75-4916-B247-EB22BAEB3225}.Windows|Mixed Platforms.Build.0 = Windows|Any CPU
		{6E1BFD15-2D75-4916-B247-EB22BAEB3225}.Windows|x86.ActiveCfg = Windows|Any CPU
		{6E1BFD15-2D75-4916-B247-EB22BAEB3225}.Windows8|Any CPU.ActiveCfg = Windows8|Any CPU
		{6E1BFD15-2D75-4916-B247-EB22BAEB3225}.Windows8|Any CPU.Build.0 = Windows8|Any CPU
		{6E1BFD15-2D75-4916-B247-EB22BAEB3225}.Windows8|Mixed Platforms.ActiveCfg = Windows8|Any CPU
		{6E1BFD15-2D75-4916-B247-EB22BAEB3225}.Windows8|Mixed Platforms.Build.0 = Windows8|Any CPU
		{6E1BFD15-2D75-4916-B247-EB22BAEB3225}.Windows8|x86.ActiveCfg = Windows8|Any CPU
		{A5EDA43B-A7C5-4497-A4B8-05AEC5F19A99}.Android|Any CPU.ActiveCfg = Android|Any CPU
		{A5EDA43B-A7C5-4497-A4B8-05AEC5F19A99}.Android|Mixed Platforms.ActiveCfg = Android|Any CPU
		{A5EDA43B-A7C5-4497-A4B8-05AEC5F19A99}.Android|x86.ActiveCfg = Android|Any CPU
		{A5EDA43B-A7C5-4497-A4B8-05AEC5F19A99}.Debug|Any CPU.ActiveCfg = PSM|Any CPU
		{A5EDA43B-A7C5-4497-A4B8-05AEC5F19A99}.Debug|Mixed Platforms.ActiveCfg = PSM|Any CPU
		{A5EDA43B-A7C5-4497-A4B8-05AEC5F19A99}.Debug|x86.ActiveCfg = PSM|Any CPU
		{A5EDA43B-A7C5-4497-A4B8-05AEC5F19A99}.iOS|Any CPU.ActiveCfg = iOS|Any CPU
		{A5EDA43B-A7C5-4497-A4B8-05AEC5F19A99}.iOS|Mixed Platforms.ActiveCfg = iOS|Any CPU
		{A5EDA43B-A7C5-4497-A4B8-05AEC5F19A99}.iOS|x86.ActiveCfg = iOS|Any CPU
		{A5EDA43B-A7C5-4497-A4B8-05AEC5F19A99}.Linux|Any CPU.ActiveCfg = Linux|Any CPU
		{A5EDA43B-A7C5-4497-A4B8-05AEC5F19A99}.Linux|Mixed Platforms.ActiveCfg = Linux|Any CPU
		{A5EDA43B-A7C5-4497-A4B8-05AEC5F19A99}.Linux|x86.ActiveCfg = Linux|Any CPU
		{A5EDA43B-A7C5-4497-A4B8-05AEC5F19A99}.OSX|Any CPU.ActiveCfg = OSX|Any CPU
		{A5EDA43B-A7C5-4497-A4B8-05AEC5F19A99}.OSX|Mixed Platforms.ActiveCfg = OSX|Any CPU
		{A5EDA43B-A7C5-4497-A4B8-05AEC5F19A99}.OSX|x86.ActiveCfg = OSX|Any CPU
		{A5EDA43B-A7C5-4497-A4B8-05AEC5F19A99}.PSM|Any CPU.ActiveCfg = PSM|Any CPU
		{A5EDA43B-A7C5-4497-A4B8-05AEC5F19A99}.PSM|Mixed Platforms.ActiveCfg = PSM|Any CPU
		{A5EDA43B-A7C5-4497-A4B8-05AEC5F19A99}.PSM|x86.ActiveCfg = PSM|Any CPU
		{A5EDA43B-A7C5-4497-A4B8-05AEC5F19A99}.Release|Any CPU.ActiveCfg = PSM|Any CPU
		{A5EDA43B-A7C5-4497-A4B8-05AEC5F19A99}.Release|Mixed Platforms.ActiveCfg = PSM|Any CPU
		{A5EDA43B-A7C5-4497-A4B8-05AEC5F19A99}.Release|x86.ActiveCfg = PSM|Any CPU
		{A5EDA43B-A7C5-4497-A4B8-05AEC5F19A99}.Windows|Any CPU.ActiveCfg = Windows|Any CPU
		{A5EDA43B-A7C5-4497-A4B8-05AEC5F19A99}.Windows|Mixed Platforms.ActiveCfg = Windows|Any CPU
		{A5EDA43B-A7C5-4497-A4B8-05AEC5F19A99}.Windows|x86.ActiveCfg = Windows|Any CPU
		{A5EDA43B-A7C5-4497-A4B8-05AEC5F19A99}.Windows8|Any CPU.ActiveCfg = Windows8|Any CPU
		{A5EDA43B-A7C5-4497-A4B8-05AEC5F19A99}.Windows8|Mixed Platforms.ActiveCfg = Windows8|Any CPU
		{A5EDA43B-A7C5-4497-A4B8-05AEC5F19A99}.Windows8|x86.ActiveCfg = Windows8|Any CPU
	EndGlobalSection
	GlobalSection(SolutionProperties) = preSolution
		HideSolutionNode = FALSE
	EndGlobalSection
EndGlobal
